
Microsoft Visual Studio Solution File, Format Version 12.00
# Visual Studio Version 17
VisualStudioVersion = 17.14.36221.1 d17.14
MinimumVisualStudioVersion = 10.0.40219.1
Project("{FAE04EC0-301F-11D3-BF4B-00C04F79EFBC}") = "TicketService", "TicketService\TicketService\TicketService.csproj", "{7A1B1967-DBA2-4EA5-85EB-6CE4007E9511}"
EndProject
Project("{FAE04EC0-301F-11D3-BF4B-00C04F79EFBC}") = "TicketService.Client", "TicketService\TicketService.Client\TicketService.Client.csproj", "{3A446571-9F8C-4539-AB63-2B713909F1B9}"
EndProject
Global
	GlobalSection(SolutionConfigurationPlatforms) = preSolution
		Debug|Any CPU = Debug|Any CPU
		Release|Any CPU = Release|Any CPU
	EndGlobalSection
	GlobalSection(ProjectConfigurationPlatforms) = postSolution
		{7A1B1967-DBA2-4EA5-85EB-6CE4007E9511}.Debug|Any CPU.ActiveCfg = Debug|Any CPU
		{7A1B1967-DBA2-4EA5-85EB-6CE4007E9511}.Debug|Any CPU.Build.0 = Debug|Any CPU
		{7A1B1967-DBA2-4EA5-85EB-6CE4007E9511}.Release|Any CPU.ActiveCfg = Release|Any CPU
		{7A1B1967-DBA2-4EA5-85EB-6CE4007E9511}.Release|Any CPU.Build.0 = Release|Any CPU
		{3A446571-9F8C-4539-AB63-2B713909F1B9}.Debug|Any CPU.ActiveCfg = Debug|Any CPU
		{3A446571-9F8C-4539-AB63-2B713909F1B9}.Debug|Any CPU.Build.0 = Debug|Any CPU
		{3A446571-9F8C-4539-AB63-2B713909F1B9}.Release|Any CPU.ActiveCfg = Release|Any CPU
		{3A446571-9F8C-4539-AB63-2B713909F1B9}.Release|Any CPU.Build.0 = Release|Any CPU
	EndGlobalSection
	GlobalSection(SolutionProperties) = preSolution
		HideSolutionNode = FALSE
	EndGlobalSection
	GlobalSection(ExtensibilityGlobals) = postSolution
		SolutionGuid = {19662F66-EEEA-4109-B3CF-04A17160724B}
	EndGlobalSection
EndGlobal
